
Microsoft Visual Studio Solution File, Format Version 12.00
# Visual Studio 15
VisualStudioVersion = 15.0.28010.2048
MinimumVisualStudioVersion = 10.0.40219.1
Project("{E24C65DC-7377-472B-9ABA-BC803B73C61A}") = "Project2", "Project2\", "{FCE28A31-A01A-4452-9FA4-C7B83358BC06}"
	ProjectSection(WebsiteProperties) = preProject
		TargetFrameworkMoniker = ".NETFramework,Version%3Dv4.6.1"
		Debug.AspNetCompiler.VirtualPath = "/localhost_55238"
		Debug.AspNetCompiler.PhysicalPath = "Project2\"
		Debug.AspNetCompiler.TargetPath = "PrecompiledWeb\localhost_55238\"
		Debug.AspNetCompiler.Updateable = "true"
		Debug.AspNetCompiler.ForceOverwrite = "true"
		Debug.AspNetCompiler.FixedNames = "false"
		Debug.AspNetCompiler.Debug = "True"
		Release.AspNetCompiler.VirtualPath = "/localhost_55238"
		Release.AspNetCompiler.PhysicalPath = "Project2\"
		Release.AspNetCompiler.TargetPath = "PrecompiledWeb\localhost_55238\"
		Release.AspNetCompiler.Updateable = "true"
		Release.AspNetCompiler.ForceOverwrite = "true"
		Release.AspNetCompiler.FixedNames = "false"
		Release.AspNetCompiler.Debug = "False"
		VWDPort = "55238"
		SlnRelativePath = "Project2\"
		DefaultWebSiteLanguage = "Visual C#"
	EndProjectSection
EndProject
Global
	GlobalSection(SolutionConfigurationPlatforms) = preSolution
		Debug|Any CPU = Debug|Any CPU
	EndGlobalSection
	GlobalSection(ProjectConfigurationPlatforms) = postSolution
		{FCE28A31-A01A-4452-9FA4-C7B83358BC06}.Debug|Any CPU.ActiveCfg = Debug|Any CPU
		{FCE28A31-A01A-4452-9FA4-C7B83358BC06}.Debug|Any CPU.Build.0 = Debug|Any CPU
	EndGlobalSection
	GlobalSection(SolutionProperties) = preSolution
		HideSolutionNode = FALSE
	EndGlobalSection
	GlobalSection(ExtensibilityGlobals) = postSolution
		SolutionGuid = {11955F21-B7FC-4792-B948-9993381D0B71}
	EndGlobalSection
EndGlobal
